// !$*UTF8*$!
{
	archiveVersion = 1;
	classes = {
	};
	objectVersion = 52;
	objects = {

/* Begin PBXBuildFile section */
		BFA793D927AFF61F0059C60D /* User.swift in Sources */ = {isa = PBXBuildFile; fileRef = BFA793D827AFF61F0059C60D /* User.swift */; };
		BFD4765D27AFA5D50092C294 /* AppDelegate.swift in Sources */ = {isa = PBXBuildFile; fileRef = BFD4765C27AFA5D50092C294 /* AppDelegate.swift */; };
		BFD4765F27AFA5D50092C294 /* SceneDelegate.swift in Sources */ = {isa = PBXBuildFile; fileRef = BFD4765E27AFA5D50092C294 /* SceneDelegate.swift */; };
		BFD4766127AFA5D50092C294 /* ContentView.swift in Sources */ = {isa = PBXBuildFile; fileRef = BFD4766027AFA5D50092C294 /* ContentView.swift */; };
		BFD4766327AFA5D70092C294 /* Assets.xcassets in Resources */ = {isa = PBXBuildFile; fileRef = BFD4766227AFA5D70092C294 /* Assets.xcassets */; };
		BFD4766627AFA5D70092C294 /* Preview Assets.xcassets in Resources */ = {isa = PBXBuildFile; fileRef = BFD4766527AFA5D70092C294 /* Preview Assets.xcassets */; };
		BFD4766927AFA5D70092C294 /* LaunchScreen.storyboard in Resources */ = {isa = PBXBuildFile; fileRef = BFD4766727AFA5D70092C294 /* LaunchScreen.storyboard */; };
		BFD4767227AFA73F0092C294 /* FirebaseDatabase in Frameworks */ = {isa = PBXBuildFile; productRef = BFD4767127AFA73F0092C294 /* FirebaseDatabase */; };
		BFD4767427AFA73F0092C294 /* FirebaseDatabaseSwift-Beta in Frameworks */ = {isa = PBXBuildFile; productRef = BFD4767327AFA73F0092C294 /* FirebaseDatabaseSwift-Beta */; };
		BFD4767727AFA76D0092C294 /* GoogleService-Info.plist in Resources */ = {isa = PBXBuildFile; fileRef = BFD4767627AFA76D0092C294 /* GoogleService-Info.plist */; };
/* End PBXBuildFile section */

/* Begin PBXFileReference section */
		BFA793D827AFF61F0059C60D /* User.swift */ = {isa = PBXFileReference; lastKnownFileType = sourcecode.swift; path = User.swift; sourceTree = "<group>"; };
		BFD4765927AFA5D50092C294 /* BasicFirebaseDatabase.app */ = {isa = PBXFileReference; explicitFileType = wrapper.application; includeInIndex = 0; path = BasicFirebaseDatabase.app; sourceTree = BUILT_PRODUCTS_DIR; };
		BFD4765C27AFA5D50092C294 /* AppDelegate.swift */ = {isa = PBXFileReference; lastKnownFileType = sourcecode.swift; path = AppDelegate.swift; sourceTree = "<group>"; };
		BFD4765E27AFA5D50092C294 /* SceneDelegate.swift */ = {isa = PBXFileReference; lastKnownFileType = sourcecode.swift; path = SceneDelegate.swift; sourceTree = "<group>"; };
		BFD4766027AFA5D50092C294 /* ContentView.swift */ = {isa = PBXFileReference; lastKnownFileType = sourcecode.swift; path = ContentView.swift; sourceTree = "<group>"; };
		BFD4766227AFA5D70092C294 /* Assets.xcassets */ = {isa = PBXFileReference; lastKnownFileType = folder.assetcatalog; path = Assets.xcassets; sourceTree = "<group>"; };
		BFD4766527AFA5D70092C294 /* Preview Assets.xcassets */ = {isa = PBXFileReference; lastKnownFileType = folder.assetcatalog; path = "Preview Assets.xcassets"; sourceTree = "<group>"; };
		BFD4766827AFA5D70092C294 /* Base */ = {isa = PBXFileReference; lastKnownFileType = file.storyboard; name = Base; path = Base.lproj/LaunchScreen.storyboard; sourceTree = "<group>"; };
		BFD4766A27AFA5D70092C294 /* Info.plist */ = {isa = PBXFileReference; lastKnownFileType = text.plist.xml; path = Info.plist; sourceTree = "<group>"; };
		BFD4767527AFA7550092C294 /* README.md */ = {isa = PBXFileReference; lastKnownFileType = net.daringfireball.markdown; path = README.md; sourceTree = "<group>"; };
		BFD4767627AFA76D0092C294 /* GoogleService-Info.plist */ = {isa = PBXFileReference; fileEncoding = 4; lastKnownFileType = text.plist.xml; path = "GoogleService-Info.plist"; sourceTree = "<group>"; };
/* End PBXFileReference section */

/* Begin PBXFrameworksBuildPhase section */
		BFD4765627AFA5D50092C294 /* Frameworks */ = {
			isa = PBXFrameworksBuildPhase;
			buildActionMask = 2147483647;
			files = (
				BFD4767427AFA73F0092C294 /* FirebaseDatabaseSwift-Beta in Frameworks */,
				BFD4767227AFA73F0092C294 /* FirebaseDatabase in Frameworks */,
			);
			runOnlyForDeploymentPostprocessing = 0;
		};
/* End PBXFrameworksBuildPhase section */

/* Begin PBXGroup section */
		BFD4765027AFA5D50092C294 = {
			isa = PBXGroup;
			children = (
				BFD4765B27AFA5D50092C294 /* BasicFirebaseDatabase */,
				BFD4765A27AFA5D50092C294 /* Products */,
			);
			sourceTree = "<group>";
		};
		BFD4765A27AFA5D50092C294 /* Products */ = {
			isa = PBXGroup;
			children = (
				BFD4765927AFA5D50092C294 /* BasicFirebaseDatabase.app */,
			);
			name = Products;
			sourceTree = "<group>";
		};
		BFD4765B27AFA5D50092C294 /* BasicFirebaseDatabase */ = {
			isa = PBXGroup;
			children = (
				BFD4765C27AFA5D50092C294 /* AppDelegate.swift */,
				BFD4765E27AFA5D50092C294 /* SceneDelegate.swift */,
				BFD4766027AFA5D50092C294 /* ContentView.swift */,
				BFD4766227AFA5D70092C294 /* Assets.xcassets */,
				BFD4766727AFA5D70092C294 /* LaunchScreen.storyboard */,
				BFD4766A27AFA5D70092C294 /* Info.plist */,
				BFD4766427AFA5D70092C294 /* Preview Content */,
				BFD4767527AFA7550092C294 /* README.md */,
				BFD4767627AFA76D0092C294 /* GoogleService-Info.plist */,
				BFA793D827AFF61F0059C60D /* User.swift */,
			);
			path = BasicFirebaseDatabase;
			sourceTree = "<group>";
		};
		BFD4766427AFA5D70092C294 /* Preview Content */ = {
			isa = PBXGroup;
			children = (
				BFD4766527AFA5D70092C294 /* Preview Assets.xcassets */,
			);
			path = "Preview Content";
			sourceTree = "<group>";
		};
/* End PBXGroup section */

/* Begin PBXNativeTarget section */
		BFD4765827AFA5D50092C294 /* BasicFirebaseDatabase */ = {
			isa = PBXNativeTarget;
			buildConfigurationList = BFD4766D27AFA5D70092C294 /* Build configuration list for PBXNativeTarget "BasicFirebaseDatabase" */;
			buildPhases = (
				BFD4765527AFA5D50092C294 /* Sources */,
				BFD4765627AFA5D50092C294 /* Frameworks */,
				BFD4765727AFA5D50092C294 /* Resources */,
			);
			buildRules = (
			);
			dependencies = (
			);
			name = BasicFirebaseDatabase;
			packageProductDependencies = (
				BFD4767127AFA73F0092C294 /* FirebaseDatabase */,
				BFD4767327AFA73F0092C294 /* FirebaseDatabaseSwift-Beta */,
			);
			productName = BasicFirebaseDatabase;
			productReference = BFD4765927AFA5D50092C294 /* BasicFirebaseDatabase.app */;
			productType = "com.apple.product-type.application";
		};
/* End PBXNativeTarget section */

/* Begin PBXProject section */
		BFD4765127AFA5D50092C294 /* Project object */ = {
			isa = PBXProject;
			attributes = {
				LastSwiftUpdateCheck = 1250;
				LastUpgradeCheck = 1250;
				TargetAttributes = {
					BFD4765827AFA5D50092C294 = {
						CreatedOnToolsVersion = 12.5;
					};
				};
			};
			buildConfigurationList = BFD4765427AFA5D50092C294 /* Build configuration list for PBXProject "BasicFirebaseDatabase" */;
			compatibilityVersion = "Xcode 9.3";
			developmentRegion = en;
			hasScannedForEncodings = 0;
			knownRegions = (
				en,
				Base,
			);
			mainGroup = BFD4765027AFA5D50092C294;
			packageReferences = (
				BFD4767027AFA73F0092C294 /* XCRemoteSwiftPackageReference "firebase-ios-sdk" */,
			);
			productRefGroup = BFD4765A27AFA5D50092C294 /* Products */;
			projectDirPath = "";
			projectRoot = "";
			targets = (
				BFD4765827AFA5D50092C294 /* BasicFirebaseDatabase */,
			);
		};
/* End PBXProject section */

/* Begin PBXResourcesBuildPhase section */
		BFD4765727AFA5D50092C294 /* Resources */ = {
			isa = PBXResourcesBuildPhase;
			buildActionMask = 2147483647;
			files = (
				BFD4766927AFA5D70092C294 /* LaunchScreen.storyboard in Resources */,
				BFD4767727AFA76D0092C294 /* GoogleService-Info.plist in Resources */,
				BFD4766627AFA5D70092C294 /* Preview Assets.xcassets in Resources */,
				BFD4766327AFA5D70092C294 /* Assets.xcassets in Resources */,
			);
			runOnlyForDeploymentPostprocessing = 0;
		};
/* End PBXResourcesBuildPhase section */

/* Begin PBXSourcesBuildPhase section */
		BFD4765527AFA5D50092C294 /* Sources */ = {
			isa = PBXSourcesBuildPhase;
			buildActionMask = 2147483647;
			files = (
				BFA793D927AFF61F0059C60D /* User.swift in Sources */,
				BFD4765D27AFA5D50092C294 /* AppDelegate.swift in Sources */,
				BFD4765F27AFA5D50092C294 /* SceneDelegate.swift in Sources */,
				BFD4766127AFA5D50092C294 /* ContentView.swift in Sources */,
			);
			runOnlyForDeploymentPostprocessing = 0;
		};
/* End PBXSourcesBuildPhase section */

/* Begin PBXVariantGroup section */
		BFD4766727AFA5D70092C294 /* LaunchScreen.storyboard */ = {
			isa = PBXVariantGroup;
			children = (
				BFD4766827AFA5D70092C294 /* Base */,
			);
			name = LaunchScreen.storyboard;
			sourceTree = "<group>";
		};
/* End PBXVariantGroup section */

/* Begin XCBuildConfiguration section */
		BFD4766B27AFA5D70092C294 /* Debug */ = {
			isa = XCBuildConfiguration;
			buildSettings = {
				ALWAYS_SEARCH_USER_PATHS = NO;
				CLANG_ANALYZER_NONNULL = YES;
				CLANG_ANALYZER_NUMBER_OBJECT_CONVERSION = YES_AGGRESSIVE;
				CLANG_CXX_LANGUAGE_STANDARD = "gnu++14";
				CLANG_CXX_LIBRARY = "libc++";
				CLANG_ENABLE_MODULES = YES;
				CLANG_ENABLE_OBJC_ARC = YES;
				CLANG_ENABLE_OBJC_WEAK = YES;
				CLANG_WARN_BLOCK_CAPTURE_AUTORELEASING = YES;
				CLANG_WARN_BOOL_CONVERSION = YES;
				CLANG_WARN_COMMA = YES;
				CLANG_WARN_CONSTANT_CONVERSION = YES;
				CLANG_WARN_DEPRECATED_OBJC_IMPLEMENTATIONS = YES;
				CLANG_WARN_DIRECT_OBJC_ISA_USAGE = YES_ERROR;
				CLANG_WARN_DOCUMENTATION_COMMENTS = YES;
				CLANG_WARN_EMPTY_BODY = YES;
				CLANG_WARN_ENUM_CONVERSION = YES;
				CLANG_WARN_INFINITE_RECURSION = YES;
				CLANG_WARN_INT_CONVERSION = YES;
				CLANG_WARN_NON_LITERAL_NULL_CONVERSION = YES;
				CLANG_WARN_OBJC_IMPLICIT_RETAIN_SELF = YES;
				CLANG_WARN_OBJC_LITERAL_CONVERSION = YES;
				CLANG_WARN_OBJC_ROOT_CLASS = YES_ERROR;
				CLANG_WARN_QUOTED_INCLUDE_IN_FRAMEWORK_HEADER = YES;
				CLANG_WARN_RANGE_LOOP_ANALYSIS = YES;
				CLANG_WARN_STRICT_PROTOTYPES = YES;
				CLANG_WARN_SUSPICIOUS_MOVE = YES;
				CLANG_WARN_UNGUARDED_AVAILABILITY = YES_AGGRESSIVE;
				CLANG_WARN_UNREACHABLE_CODE = YES;
				CLANG_WARN__DUPLICATE_METHOD_MATCH = YES;
				COPY_PHASE_STRIP = NO;
				DEBUG_INFORMATION_FORMAT = dwarf;
				ENABLE_STRICT_OBJC_MSGSEND = YES;
				ENABLE_TESTABILITY = YES;
				GCC_C_LANGUAGE_STANDARD = gnu11;
				GCC_DYNAMIC_NO_PIC = NO;
				GCC_NO_COMMON_BLOCKS = YES;
				GCC_OPTIMIZATION_LEVEL = 0;
				GCC_PREPROCESSOR_DEFINITIONS = (
					"DEBUG=1",
					"$(inherited)",
				);
				GCC_WARN_64_TO_32_BIT_CONVERSION = YES;
				GCC_WARN_ABOUT_RETURN_TYPE = YES_ERROR;
				GCC_WARN_UNDECLARED_SELECTOR = YES;
				GCC_WARN_UNINITIALIZED_AUTOS = YES_AGGRESSIVE;
				GCC_WARN_UNUSED_FUNCTION = YES;
				GCC_WARN_UNUSED_VARIABLE = YES;
				IPHONEOS_DEPLOYMENT_TARGET = 14.5;
				MTL_ENABLE_DEBUG_INFO = INCLUDE_SOURCE;
				MTL_FAST_MATH = YES;
				ONLY_ACTIVE_ARCH = YES;
				SDKROOT = iphoneos;
				SWIFT_ACTIVE_COMPILATION_CONDITIONS = DEBUG;
				SWIFT_OPTIMIZATION_LEVEL = "-Onone";
			};
			name = Debug;
		};
		BFD4766C27AFA5D70092C294 /* Release */ = {
			isa = XCBuildConfiguration;
			buildSettings = {
				ALWAYS_SEARCH_USER_PATHS = NO;
				CLANG_ANALYZER_NONNULL = YES;
				CLANG_ANALYZER_NUMBER_OBJECT_CONVERSION = YES_AGGRESSIVE;
				CLANG_CXX_LANGUAGE_STANDARD = "gnu++14";
				CLANG_CXX_LIBRARY = "libc++";
				CLANG_ENABLE_MODULES = YES;
				CLANG_ENABLE_OBJC_ARC = YES;
				CLANG_ENABLE_OBJC_WEAK = YES;
				CLANG_WARN_BLOCK_CAPTURE_AUTORELEASING = YES;
				CLANG_WARN_BOOL_CONVERSION = YES;
				CLANG_WARN_COMMA = YES;
				CLANG_WARN_CONSTANT_CONVERSION = YES;
				CLANG_WARN_DEPRECATED_OBJC_IMPLEMENTATIONS = YES;
				CLANG_WARN_DIRECT_OBJC_ISA_USAGE = YES_ERROR;
				CLANG_WARN_DOCUMENTATION_COMMENTS = YES;
				CLANG_WARN_EMPTY_BODY = YES;
				CLANG_WARN_ENUM_CONVERSION = YES;
				CLANG_WARN_INFINITE_RECURSION = YES;
				CLANG_WARN_INT_CONVERSION = YES;
				CLANG_WARN_NON_LITERAL_NULL_CONVERSION = YES;
				CLANG_WARN_OBJC_IMPLICIT_RETAIN_SELF = YES;
				CLANG_WARN_OBJC_LITERAL_CONVERSION = YES;
				CLANG_WARN_OBJC_ROOT_CLASS = YES_ERROR;
				CLANG_WARN_QUOTED_INCLUDE_IN_FRAMEWORK_HEADER = YES;
				CLANG_WARN_RANGE_LOOP_ANALYSIS = YES;
				CLANG_WARN_STRICT_PROTOTYPES = YES;
				CLANG_WARN_SUSPICIOUS_MOVE = YES;
				CLANG_WARN_UNGUARDED_AVAILABILITY = YES_AGGRESSIVE;
				CLANG_WARN_UNREACHABLE_CODE = YES;
				CLANG_WARN__DUPLICATE_METHOD_MATCH = YES;
				COPY_PHASE_STRIP = NO;
				DEBUG_INFORMATION_FORMAT = "dwarf-with-dsym";
				ENABLE_NS_ASSERTIONS = NO;
				ENABLE_STRICT_OBJC_MSGSEND = YES;
				GCC_C_LANGUAGE_STANDARD = gnu11;
				GCC_NO_COMMON_BLOCKS = YES;
				GCC_WARN_64_TO_32_BIT_CONVERSION = YES;
				GCC_WARN_ABOUT_RETURN_TYPE = YES_ERROR;
				GCC_WARN_UNDECLARED_SELECTOR = YES;
				GCC_WARN_UNINITIALIZED_AUTOS = YES_AGGRESSIVE;
				GCC_WARN_UNUSED_FUNCTION = YES;
				GCC_WARN_UNUSED_VARIABLE = YES;
				IPHONEOS_DEPLOYMENT_TARGET = 14.5;
				MTL_ENABLE_DEBUG_INFO = NO;
				MTL_FAST_MATH = YES;
				SDKROOT = iphoneos;
				SWIFT_COMPILATION_MODE = wholemodule;
				SWIFT_OPTIMIZATION_LEVEL = "-O";
				VALIDATE_PRODUCT = YES;
			};
			name = Release;
		};
		BFD4766E27AFA5D70092C294 /* Debug */ = {
			isa = XCBuildConfiguration;
			buildSettings = {
				ASSETCATALOG_COMPILER_APPICON_NAME = AppIcon;
				ASSETCATALOG_COMPILER_GLOBAL_ACCENT_COLOR_NAME = AccentColor;
				CODE_SIGN_STYLE = Automatic;
				DEVELOPMENT_ASSET_PATHS = "\"BasicFirebaseDatabase/Preview Content\"";
				DEVELOPMENT_TEAM = LFZR92V6WF;
				ENABLE_PREVIEWS = YES;
				INFOPLIST_FILE = BasicFirebaseDatabase/Info.plist;
				LD_RUNPATH_SEARCH_PATHS = (
					"$(inherited)",
					"@executable_path/Frameworks",
				);
				PRODUCT_BUNDLE_IDENTIFIER = imhans.Swift.Workspaces.BasicFirebaseDatabase;
				PRODUCT_NAME = "$(TARGET_NAME)";
				SWIFT_VERSION = 5.0;
				TARGETED_DEVICE_FAMILY = "1,2";
			};
			name = Debug;
		};
		BFD4766F27AFA5D70092C294 /* Release */ = {
			isa = XCBuildConfiguration;
			buildSettings = {
				ASSETCATALOG_COMPILER_APPICON_NAME = AppIcon;
				ASSETCATALOG_COMPILER_GLOBAL_ACCENT_COLOR_NAME = AccentColor;
				CODE_SIGN_STYLE = Automatic;
				DEVELOPMENT_ASSET_PATHS = "\"BasicFirebaseDatabase/Preview Content\"";
				DEVELOPMENT_TEAM = LFZR92V6WF;
				ENABLE_PREVIEWS = YES;
				INFOPLIST_FILE = BasicFirebaseDatabase/Info.plist;
				LD_RUNPATH_SEARCH_PATHS = (
					"$(inherited)",
					"@executable_path/Frameworks",
				);
				PRODUCT_BUNDLE_IDENTIFIER = imhans.Swift.Workspaces.BasicFirebaseDatabase;
				PRODUCT_NAME = "$(TARGET_NAME)";
				SWIFT_VERSION = 5.0;
				TARGETED_DEVICE_FAMILY = "1,2";
			};
			name = Release;
		};
/* End XCBuildConfiguration section */

/* Begin XCConfigurationList section */
		BFD4765427AFA5D50092C294 /* Build configuration list for PBXProject "BasicFirebaseDatabase" */ = {
			isa = XCConfigurationList;
			buildConfigurations = (
				BFD4766B27AFA5D70092C294 /* Debug */,
				BFD4766C27AFA5D70092C294 /* Release */,
			);
			defaultConfigurationIsVisible = 0;
			defaultConfigurationName = Release;
		};
		BFD4766D27AFA5D70092C294 /* Build configuration list for PBXNativeTarget "BasicFirebaseDatabase" */ = {
			isa = XCConfigurationList;
			buildConfigurations = (
				BFD4766E27AFA5D70092C294 /* Debug */,
				BFD4766F27AFA5D70092C294 /* Release */,
			);
			defaultConfigurationIsVisible = 0;
			defaultConfigurationName = Release;
		};
/* End XCConfigurationList section */

/* Begin XCRemoteSwiftPackageReference section */
		BFD4767027AFA73F0092C294 /* XCRemoteSwiftPackageReference "firebase-ios-sdk" */ = {
			isa = XCRemoteSwiftPackageReference;
			repositoryURL = "https://github.com/firebase/firebase-ios-sdk";
			requirement = {
				kind = upToNextMajorVersion;
				minimumVersion = 8.11.0;
			};
		};
/* End XCRemoteSwiftPackageReference section */

/* Begin XCSwiftPackageProductDependency section */
		BFD4767127AFA73F0092C294 /* FirebaseDatabase */ = {
			isa = XCSwiftPackageProductDependency;
			package = BFD4767027AFA73F0092C294 /* XCRemoteSwiftPackageReference "firebase-ios-sdk" */;
			productName = FirebaseDatabase;
		};
		BFD4767327AFA73F0092C294 /* FirebaseDatabaseSwift-Beta */ = {
			isa = XCSwiftPackageProductDependency;
			package = BFD4767027AFA73F0092C294 /* XCRemoteSwiftPackageReference "firebase-ios-sdk" */;
			productName = "FirebaseDatabaseSwift-Beta";
		};
/* End XCSwiftPackageProductDependency section */
	};
	rootObject = BFD4765127AFA5D50092C294 /* Project object */;
}
